// !$*UTF8*$!
{
	archiveVersion = 1;
	classes = {
	};
	objectVersion = 77;
	objects = {

/* Begin PBXBuildFile section */
		6647DCBA2F0571D4009FCAE6 /* WidgetKit.framework in Frameworks */ = {isa = PBXBuildFile; fileRef = 6647DCB92F0571D4009FCAE6 /* WidgetKit.framework */; };
		6647DCBC2F0571D4009FCAE6 /* SwiftUI.framework in Frameworks */ = {isa = PBXBuildFile; fileRef = 6647DCBB2F0571D4009FCAE6 /* SwiftUI.framework */; };
		6647DCC72F0571D5009FCAE6 /* TLYWidgetExtension.appex in Embed Foundation Extensions */ = {isa = PBXBuildFile; fileRef = 6647DCB72F0571D4009FCAE6 /* TLYWidgetExtension.appex */; settings = {ATTRIBUTES = (RemoveHeadersOnCopy, ); }; };
/* End PBXBuildFile section */

/* Begin PBXContainerItemProxy section */
		6647DCC52F0571D5009FCAE6 /* PBXContainerItemProxy */ = {
			isa = PBXContainerItemProxy;
			containerPortal = 66AE5F7E2F01E27200D79FD7 /* Project object */;
			proxyType = 1;
			remoteGlobalIDString = 6647DCB62F0571D4009FCAE6;
			remoteInfo = TLYWidgetExtension;
		};
		66AE5F942F01E27400D79FD7 /* PBXContainerItemProxy */ = {
			isa = PBXContainerItemProxy;
			containerPortal = 66AE5F7E2F01E27200D79FD7 /* Project object */;
			proxyType = 1;
			remoteGlobalIDString = 66AE5F852F01E27200D79FD7;
			remoteInfo = TodayLastYear;
		};
		66AE5F9E2F01E27400D79FD7 /* PBXContainerItemProxy */ = {
			isa = PBXContainerItemProxy;
			containerPortal = 66AE5F7E2F01E27200D79FD7 /* Project object */;
			proxyType = 1;
			remoteGlobalIDString = 66AE5F852F01E27200D79FD7;
			remoteInfo = TodayLastYear;
		};
/* End PBXContainerItemProxy section */

/* Begin PBXCopyFilesBuildPhase section */
		6647DCCC2F0571D5009FCAE6 /* Embed Foundation Extensions */ = {
			isa = PBXCopyFilesBuildPhase;
			buildActionMask = 2147483647;
			dstPath = "";
			dstSubfolderSpec = 13;
			files = (
				6647DCC72F0571D5009FCAE6 /* TLYWidgetExtension.appex in Embed Foundation Extensions */,
			);
			name = "Embed Foundation Extensions";
			runOnlyForDeploymentPostprocessing = 0;
		};
/* End PBXCopyFilesBuildPhase section */

/* Begin PBXFileReference section */
		6647DCB72F0571D4009FCAE6 /* TLYWidgetExtension.appex */ = {isa = PBXFileReference; explicitFileType = "wrapper.app-extension"; includeInIndex = 0; path = TLYWidgetExtension.appex; sourceTree = BUILT_PRODUCTS_DIR; };
		6647DCB92F0571D4009FCAE6 /* WidgetKit.framework */ = {isa = PBXFileReference; lastKnownFileType = wrapper.framework; name = WidgetKit.framework; path = System/Library/Frameworks/WidgetKit.framework; sourceTree = SDKROOT; };
		6647DCBB2F0571D4009FCAE6 /* SwiftUI.framework */ = {isa = PBXFileReference; lastKnownFileType = wrapper.framework; name = SwiftUI.framework; path = System/Library/Frameworks/SwiftUI.framework; sourceTree = SDKROOT; };
		6647DCD02F057252009FCAE6 /* TLYWidgetExtension.entitlements */ = {isa = PBXFileReference; lastKnownFileType = text.plist.entitlements; path = TLYWidgetExtension.entitlements; sourceTree = "<group>"; };
		66AE5F862F01E27200D79FD7 /* TodayLastYear.app */ = {isa = PBXFileReference; explicitFileType = wrapper.application; includeInIndex = 0; path = TodayLastYear.app; sourceTree = BUILT_PRODUCTS_DIR; };
		66AE5F932F01E27400D79FD7 /* TodayLastYearTests.xctest */ = {isa = PBXFileReference; explicitFileType = wrapper.cfbundle; includeInIndex = 0; path = TodayLastYearTests.xctest; sourceTree = BUILT_PRODUCTS_DIR; };
		66AE5F9D2F01E27400D79FD7 /* TodayLastYearUITests.xctest */ = {isa = PBXFileReference; explicitFileType = wrapper.cfbundle; includeInIndex = 0; path = TodayLastYearUITests.xctest; sourceTree = BUILT_PRODUCTS_DIR; };
/* End PBXFileReference section */

/* Begin PBXFileSystemSynchronizedBuildFileExceptionSet section */
		6647DCC82F0571D5009FCAE6 /* Exceptions for "TLYWidget" folder in "TLYWidgetExtension" target */ = {
			isa = PBXFileSystemSynchronizedBuildFileExceptionSet;
			membershipExceptions = (
				Info.plist,
			);
			target = 6647DCB62F0571D4009FCAE6 /* TLYWidgetExtension */;
		};
		6647DCCE2F057205009FCAE6 /* Exceptions for "TodayLastYear" folder in "TLYWidgetExtension" target */ = {
			isa = PBXFileSystemSynchronizedBuildFileExceptionSet;
			membershipExceptions = (
				Design/Theme.swift,
				Features/Events/CalendarManager.swift,
			);
			target = 6647DCB62F0571D4009FCAE6 /* TLYWidgetExtension */;
		};
		6647DCD52F057C09009FCAE6 /* Exceptions for "TodayLastYear" folder in "TodayLastYear" target */ = {
			isa = PBXFileSystemSynchronizedBuildFileExceptionSet;
			membershipExceptions = (
				Info.plist,
			);
			target = 66AE5F852F01E27200D79FD7 /* TodayLastYear */;
		};
/* End PBXFileSystemSynchronizedBuildFileExceptionSet section */

/* Begin PBXFileSystemSynchronizedRootGroup section */
		6647DCBD2F0571D4009FCAE6 /* TLYWidget */ = {
			isa = PBXFileSystemSynchronizedRootGroup;
			exceptions = (
				6647DCC82F0571D5009FCAE6 /* Exceptions for "TLYWidget" folder in "TLYWidgetExtension" target */,
			);
			path = TLYWidget;
			sourceTree = "<group>";
		};
		66AE5F882F01E27200D79FD7 /* TodayLastYear */ = {
			isa = PBXFileSystemSynchronizedRootGroup;
			exceptions = (
				6647DCD52F057C09009FCAE6 /* Exceptions for "TodayLastYear" folder in "TodayLastYear" target */,
				6647DCCE2F057205009FCAE6 /* Exceptions for "TodayLastYear" folder in "TLYWidgetExtension" target */,
			);
			path = TodayLastYear;
			sourceTree = "<group>";
		};
		66AE5F962F01E27400D79FD7 /* TodayLastYearTests */ = {
			isa = PBXFileSystemSynchronizedRootGroup;
			path = TodayLastYearTests;
			sourceTree = "<group>";
		};
		66AE5FA02F01E27400D79FD7 /* TodayLastYearUITests */ = {
			isa = PBXFileSystemSynchronizedRootGroup;
			path = TodayLastYearUITests;
			sourceTree = "<group>";
		};
/* End PBXFileSystemSynchronizedRootGroup section */

/* Begin PBXFrameworksBuildPhase section */
		6647DCB42F0571D4009FCAE6 /* Frameworks */ = {
			isa = PBXFrameworksBuildPhase;
			buildActionMask = 2147483647;
			files = (
				6647DCBC2F0571D4009FCAE6 /* SwiftUI.framework in Frameworks */,
				6647DCBA2F0571D4009FCAE6 /* WidgetKit.framework in Frameworks */,
			);
			runOnlyForDeploymentPostprocessing = 0;
		};
		66AE5F832F01E27200D79FD7 /* Frameworks */ = {
			isa = PBXFrameworksBuildPhase;
			buildActionMask = 2147483647;
			files = (
			);
			runOnlyForDeploymentPostprocessing = 0;
		};
		66AE5F902F01E27400D79FD7 /* Frameworks */ = {
			isa = PBXFrameworksBuildPhase;
			buildActionMask = 2147483647;
			files = (
			);
			runOnlyForDeploymentPostprocessing = 0;
		};
		66AE5F9A2F01E27400D79FD7 /* Frameworks */ = {
			isa = PBXFrameworksBuildPhase;
			buildActionMask = 2147483647;
			files = (
			);
			runOnlyForDeploymentPostprocessing = 0;
		};
/* End PBXFrameworksBuildPhase section */

/* Begin PBXGroup section */
		6647DCB82F0571D4009FCAE6 /* Frameworks */ = {
			isa = PBXGroup;
			children = (
				6647DCB92F0571D4009FCAE6 /* WidgetKit.framework */,
				6647DCBB2F0571D4009FCAE6 /* SwiftUI.framework */,
			);
			name = Frameworks;
			sourceTree = "<group>";
		};
		66AE5F7D2F01E27200D79FD7 = {
			isa = PBXGroup;
			children = (
				6647DCD02F057252009FCAE6 /* TLYWidgetExtension.entitlements */,
				66AE5F962F01E27400D79FD7 /* TodayLastYearTests */,
				66AE5FA02F01E27400D79FD7 /* TodayLastYearUITests */,
				6647DCBD2F0571D4009FCAE6 /* TLYWidget */,
				6647DCB82F0571D4009FCAE6 /* Frameworks */,
				66AE5F872F01E27200D79FD7 /* Products */,
				66AE5F882F01E27200D79FD7 /* TodayLastYear */,
			);
			sourceTree = "<group>";
		};
		66AE5F872F01E27200D79FD7 /* Products */ = {
			isa = PBXGroup;
			children = (
				66AE5F862F01E27200D79FD7 /* TodayLastYear.app */,
				66AE5F932F01E27400D79FD7 /* TodayLastYearTests.xctest */,
				66AE5F9D2F01E27400D79FD7 /* TodayLastYearUITests.xctest */,
				6647DCB72F0571D4009FCAE6 /* TLYWidgetExtension.appex */,
			);
			name = Products;
			sourceTree = "<group>";
		};
/* End PBXGroup section */

/* Begin PBXNativeTarget section */
		6647DCB62F0571D4009FCAE6 /* TLYWidgetExtension */ = {
			isa = PBXNativeTarget;
			buildConfigurationList = 6647DCC92F0571D5009FCAE6 /* Build configuration list for PBXNativeTarget "TLYWidgetExtension" */;
			buildPhases = (
				6647DCB32F0571D4009FCAE6 /* Sources */,
				6647DCB42F0571D4009FCAE6 /* Frameworks */,
				6647DCB52F0571D4009FCAE6 /* Resources */,
			);
			buildRules = (
			);
			dependencies = (
			);
			fileSystemSynchronizedGroups = (
				6647DCBD2F0571D4009FCAE6 /* TLYWidget */,
			);
			name = TLYWidgetExtension;
			packageProductDependencies = (
			);
			productName = TLYWidgetExtension;
			productReference = 6647DCB72F0571D4009FCAE6 /* TLYWidgetExtension.appex */;
			productType = "com.apple.product-type.app-extension";
		};
		66AE5F852F01E27200D79FD7 /* TodayLastYear */ = {
			isa = PBXNativeTarget;
			buildConfigurationList = 66AE5FA72F01E27400D79FD7 /* Build configuration list for PBXNativeTarget "TodayLastYear" */;
			buildPhases = (
				66AE5F822F01E27200D79FD7 /* Sources */,
				66AE5F832F01E27200D79FD7 /* Frameworks */,
				66AE5F842F01E27200D79FD7 /* Resources */,
				6647DCCC2F0571D5009FCAE6 /* Embed Foundation Extensions */,
			);
			buildRules = (
			);
			dependencies = (
				6647DCC62F0571D5009FCAE6 /* PBXTargetDependency */,
			);
			fileSystemSynchronizedGroups = (
				66AE5F882F01E27200D79FD7 /* TodayLastYear */,
			);
			name = TodayLastYear;
			packageProductDependencies = (
			);
			productName = TodayLastYear;
			productReference = 66AE5F862F01E27200D79FD7 /* TodayLastYear.app */;
			productType = "com.apple.product-type.application";
		};
		66AE5F922F01E27400D79FD7 /* TodayLastYearTests */ = {
			isa = PBXNativeTarget;
			buildConfigurationList = 66AE5FAA2F01E27400D79FD7 /* Build configuration list for PBXNativeTarget "TodayLastYearTests" */;
			buildPhases = (
				66AE5F8F2F01E27400D79FD7 /* Sources */,
				66AE5F902F01E27400D79FD7 /* Frameworks */,
				66AE5F912F01E27400D79FD7 /* Resources */,
			);
			buildRules = (
			);
			dependencies = (
				66AE5F952F01E27400D79FD7 /* PBXTargetDependency */,
			);
			fileSystemSynchronizedGroups = (
				66AE5F962F01E27400D79FD7 /* TodayLastYearTests */,
			);
			name = TodayLastYearTests;
			packageProductDependencies = (
			);
			productName = TodayLastYearTests;
			productReference = 66AE5F932F01E27400D79FD7 /* TodayLastYearTests.xctest */;
			productType = "com.apple.product-type.bundle.unit-test";
		};
		66AE5F9C2F01E27400D79FD7 /* TodayLastYearUITests */ = {
			isa = PBXNativeTarget;
			buildConfigurationList = 66AE5FAD2F01E27400D79FD7 /* Build configuration list for PBXNativeTarget "TodayLastYearUITests" */;
			buildPhases = (
				66AE5F992F01E27400D79FD7 /* Sources */,
				66AE5F9A2F01E27400D79FD7 /* Frameworks */,
				66AE5F9B2F01E27400D79FD7 /* Resources */,
			);
			buildRules = (
			);
			dependencies = (
				66AE5F9F2F01E27400D79FD7 /* PBXTargetDependency */,
			);
			fileSystemSynchronizedGroups = (
				66AE5FA02F01E27400D79FD7 /* TodayLastYearUITests */,
			);
			name = TodayLastYearUITests;
			packageProductDependencies = (
			);
			productName = TodayLastYearUITests;
			productReference = 66AE5F9D2F01E27400D79FD7 /* TodayLastYearUITests.xctest */;
			productType = "com.apple.product-type.bundle.ui-testing";
		};
/* End PBXNativeTarget section */

/* Begin PBXProject section */
		66AE5F7E2F01E27200D79FD7 /* Project object */ = {
			isa = PBXProject;
			attributes = {
				BuildIndependentTargetsInParallel = 1;
				LastSwiftUpdateCheck = 2620;
				LastUpgradeCheck = 2620;
				TargetAttributes = {
					6647DCB62F0571D4009FCAE6 = {
						CreatedOnToolsVersion = 26.2;
					};
					66AE5F852F01E27200D79FD7 = {
						CreatedOnToolsVersion = 26.2;
					};
					66AE5F922F01E27400D79FD7 = {
						CreatedOnToolsVersion = 26.2;
						TestTargetID = 66AE5F852F01E27200D79FD7;
					};
					66AE5F9C2F01E27400D79FD7 = {
						CreatedOnToolsVersion = 26.2;
						TestTargetID = 66AE5F852F01E27200D79FD7;
					};
				};
			};
			buildConfigurationList = 66AE5F812F01E27200D79FD7 /* Build configuration list for PBXProject "TodayLastYear" */;
			developmentRegion = en;
			hasScannedForEncodings = 0;
			knownRegions = (
				en,
				Base,
			);
			mainGroup = 66AE5F7D2F01E27200D79FD7;
			minimizedProjectReferenceProxies = 1;
			preferredProjectObjectVersion = 77;
			productRefGroup = 66AE5F872F01E27200D79FD7 /* Products */;
			projectDirPath = "";
			projectRoot = "";
			targets = (
				66AE5F852F01E27200D79FD7 /* TodayLastYear */,
				66AE5F922F01E27400D79FD7 /* TodayLastYearTests */,
				66AE5F9C2F01E27400D79FD7 /* TodayLastYearUITests */,
				6647DCB62F0571D4009FCAE6 /* TLYWidgetExtension */,
			);
		};
/* End PBXProject section */

/* Begin PBXResourcesBuildPhase section */
		6647DCB52F0571D4009FCAE6 /* Resources */ = {
			isa = PBXResourcesBuildPhase;
			buildActionMask = 2147483647;
			files = (
			);
			runOnlyForDeploymentPostprocessing = 0;
		};
		66AE5F842F01E27200D79FD7 /* Resources */ = {
			isa = PBXResourcesBuildPhase;
			buildActionMask = 2147483647;
			files = (
			);
			runOnlyForDeploymentPostprocessing = 0;
		};
		66AE5F912F01E27400D79FD7 /* Resources */ = {
			isa = PBXResourcesBuildPhase;
			buildActionMask = 2147483647;
			files = (
			);
			runOnlyForDeploymentPostprocessing = 0;
		};
		66AE5F9B2F01E27400D79FD7 /* Resources */ = {
			isa = PBXResourcesBuildPhase;
			buildActionMask = 2147483647;
			files = (
			);
			runOnlyForDeploymentPostprocessing = 0;
		};
/* End PBXResourcesBuildPhase section */

/* Begin PBXSourcesBuildPhase section */
		6647DCB32F0571D4009FCAE6 /* Sources */ = {
			isa = PBXSourcesBuildPhase;
			buildActionMask = 2147483647;
			files = (
			);
			runOnlyForDeploymentPostprocessing = 0;
		};
		66AE5F822F01E27200D79FD7 /* Sources */ = {
			isa = PBXSourcesBuildPhase;
			buildActionMask = 2147483647;
			files = (
			);
			runOnlyForDeploymentPostprocessing = 0;
		};
		66AE5F8F2F01E27400D79FD7 /* Sources */ = {
			isa = PBXSourcesBuildPhase;
			buildActionMask = 2147483647;
			files = (
			);
			runOnlyForDeploymentPostprocessing = 0;
		};
		66AE5F992F01E27400D79FD7 /* Sources */ = {
			isa = PBXSourcesBuildPhase;
			buildActionMask = 2147483647;
			files = (
			);
			runOnlyForDeploymentPostprocessing = 0;
		};
/* End PBXSourcesBuildPhase section */

/* Begin PBXTargetDependency section */
		6647DCC62F0571D5009FCAE6 /* PBXTargetDependency */ = {
			isa = PBXTargetDependency;
			target = 6647DCB62F0571D4009FCAE6 /* TLYWidgetExtension */;
			targetProxy = 6647DCC52F0571D5009FCAE6 /* PBXContainerItemProxy */;
		};
		66AE5F952F01E27400D79FD7 /* PBXTargetDependency */ = {
			isa = PBXTargetDependency;
			target = 66AE5F852F01E27200D79FD7 /* TodayLastYear */;
			targetProxy = 66AE5F942F01E27400D79FD7 /* PBXContainerItemProxy */;
		};
		66AE5F9F2F01E27400D79FD7 /* PBXTargetDependency */ = {
			isa = PBXTargetDependency;
			target = 66AE5F852F01E27200D79FD7 /* TodayLastYear */;
			targetProxy = 66AE5F9E2F01E27400D79FD7 /* PBXContainerItemProxy */;
		};
/* End PBXTargetDependency section */

/* Begin XCBuildConfiguration section */
		6647DCCA2F0571D5009FCAE6 /* Debug */ = {
			isa = XCBuildConfiguration;
			buildSettings = {
				ASSETCATALOG_COMPILER_GLOBAL_ACCENT_COLOR_NAME = AccentColor;
				ASSETCATALOG_COMPILER_WIDGET_BACKGROUND_COLOR_NAME = WidgetBackground;
				CODE_SIGN_ENTITLEMENTS = TLYWidgetExtension.entitlements;
				CODE_SIGN_STYLE = Automatic;
				CURRENT_PROJECT_VERSION = 1;
				DEVELOPMENT_TEAM = 3UU87M9ZBQ;
				GENERATE_INFOPLIST_FILE = YES;
				INFOPLIST_FILE = TLYWidget/Info.plist;
				INFOPLIST_KEY_CFBundleDisplayName = TLYWidget;
				INFOPLIST_KEY_NSHumanReadableCopyright = "";
				LD_RUNPATH_SEARCH_PATHS = (
					"$(inherited)",
					"@executable_path/Frameworks",
					"@executable_path/../../Frameworks",
				);
				MARKETING_VERSION = 1.0;
				PRODUCT_BUNDLE_IDENTIFIER = com.fogiato.TodayLastYear.TLYWidget;
				PRODUCT_NAME = "$(TARGET_NAME)";
				SDKROOT = xros;
				SKIP_INSTALL = YES;
				STRING_CATALOG_GENERATE_SYMBOLS = YES;
				SUPPORTED_PLATFORMS = "iphoneos iphonesimulator";
				SUPPORTS_MACCATALYST = NO;
				SWIFT_APPROACHABLE_CONCURRENCY = YES;
				SWIFT_EMIT_LOC_STRINGS = YES;
				SWIFT_UPCOMING_FEATURE_MEMBER_IMPORT_VISIBILITY = YES;
				SWIFT_VERSION = 5.0;
				TARGETED_DEVICE_FAMILY = 1;
				XROS_DEPLOYMENT_TARGET = 26.2;
			};
			name = Debug;
		};
		6647DCCB2F0571D5009FCAE6 /* Release */ = {
			isa = XCBuildConfiguration;
			buildSettings = {
				ASSETCATALOG_COMPILER_GLOBAL_ACCENT_COLOR_NAME = AccentColor;
				ASSETCATALOG_COMPILER_WIDGET_BACKGROUND_COLOR_NAME = WidgetBackground;
				CODE_SIGN_ENTITLEMENTS = TLYWidgetExtension.entitlements;
				CODE_SIGN_STYLE = Automatic;
				CURRENT_PROJECT_VERSION = 1;
				DEVELOPMENT_TEAM = 3UU87M9ZBQ;
				GENERATE_INFOPLIST_FILE = YES;
				INFOPLIST_FILE = TLYWidget/Info.plist;
				INFOPLIST_KEY_CFBundleDisplayName = TLYWidget;
				INFOPLIST_KEY_NSHumanReadableCopyright = "";
				LD_RUNPATH_SEARCH_PATHS = (
					"$(inherited)",
					"@executable_path/Frameworks",
					"@executable_path/../../Frameworks",
				);
				MARKETING_VERSION = 1.0;
				PRODUCT_BUNDLE_IDENTIFIER = com.fogiato.TodayLastYear.TLYWidget;
				PRODUCT_NAME = "$(TARGET_NAME)";
				SDKROOT = xros;
				SKIP_INSTALL = YES;
				STRING_CATALOG_GENERATE_SYMBOLS = YES;
				SUPPORTED_PLATFORMS = "iphoneos iphonesimulator";
				SUPPORTS_MACCATALYST = NO;
				SWIFT_APPROACHABLE_CONCURRENCY = YES;
				SWIFT_EMIT_LOC_STRINGS = YES;
				SWIFT_UPCOMING_FEATURE_MEMBER_IMPORT_VISIBILITY = YES;
				SWIFT_VERSION = 5.0;
				TARGETED_DEVICE_FAMILY = 1;
				VALIDATE_PRODUCT = YES;
				XROS_DEPLOYMENT_TARGET = 26.2;
			};
			name = Release;
		};
		66AE5FA52F01E27400D79FD7 /* Debug */ = {
			isa = XCBuildConfiguration;
			buildSettings = {
				ALWAYS_SEARCH_USER_PATHS = NO;
				ASSETCATALOG_COMPILER_GENERATE_SWIFT_ASSET_SYMBOL_EXTENSIONS = YES;
				CLANG_ANALYZER_NONNULL = YES;
				CLANG_ANALYZER_NUMBER_OBJECT_CONVERSION = YES_AGGRESSIVE;
				CLANG_CXX_LANGUAGE_STANDARD = "gnu++20";
				CLANG_ENABLE_MODULES = YES;
				CLANG_ENABLE_OBJC_ARC = YES;
				CLANG_ENABLE_OBJC_WEAK = YES;
				CLANG_WARN_BLOCK_CAPTURE_AUTORELEASING = YES;
				CLANG_WARN_BOOL_CONVERSION = YES;
				CLANG_WARN_COMMA = YES;
				CLANG_WARN_CONSTANT_CONVERSION = YES;
				CLANG_WARN_DEPRECATED_OBJC_IMPLEMENTATIONS = YES;
				CLANG_WARN_DIRECT_OBJC_ISA_USAGE = YES_ERROR;
				CLANG_WARN_DOCUMENTATION_COMMENTS = YES;
				CLANG_WARN_EMPTY_BODY = YES;
				CLANG_WARN_ENUM_CONVERSION = YES;
				CLANG_WARN_INFINITE_RECURSION = YES;
				CLANG_WARN_INT_CONVERSION = YES;
				CLANG_WARN_NON_LITERAL_NULL_CONVERSION = YES;
				CLANG_WARN_OBJC_IMPLICIT_RETAIN_SELF = YES;
				CLANG_WARN_OBJC_LITERAL_CONVERSION = YES;
				CLANG_WARN_OBJC_ROOT_CLASS = YES_ERROR;
				CLANG_WARN_QUOTED_INCLUDE_IN_FRAMEWORK_HEADER = YES;
				CLANG_WARN_RANGE_LOOP_ANALYSIS = YES;
				CLANG_WARN_STRICT_PROTOTYPES = YES;
				CLANG_WARN_SUSPICIOUS_MOVE = YES;
				CLANG_WARN_UNGUARDED_AVAILABILITY = YES_AGGRESSIVE;
				CLANG_WARN_UNREACHABLE_CODE = YES;
				CLANG_WARN__DUPLICATE_METHOD_MATCH = YES;
				COPY_PHASE_STRIP = NO;
				DEBUG_INFORMATION_FORMAT = dwarf;
				DEVELOPMENT_TEAM = 3UU87M9ZBQ;
				ENABLE_STRICT_OBJC_MSGSEND = YES;
				ENABLE_TESTABILITY = YES;
				ENABLE_USER_SCRIPT_SANDBOXING = YES;
				GCC_C_LANGUAGE_STANDARD = gnu17;
				GCC_DYNAMIC_NO_PIC = NO;
				GCC_NO_COMMON_BLOCKS = YES;
				GCC_OPTIMIZATION_LEVEL = 0;
				GCC_PREPROCESSOR_DEFINITIONS = (
					"DEBUG=1",
					"$(inherited)",
				);
				GCC_WARN_64_TO_32_BIT_CONVERSION = YES;
				GCC_WARN_ABOUT_RETURN_TYPE = YES_ERROR;
				GCC_WARN_UNDECLARED_SELECTOR = YES;
				GCC_WARN_UNINITIALIZED_AUTOS = YES_AGGRESSIVE;
				GCC_WARN_UNUSED_FUNCTION = YES;
				GCC_WARN_UNUSED_VARIABLE = YES;
				LOCALIZATION_PREFERS_STRING_CATALOGS = YES;
				MTL_ENABLE_DEBUG_INFO = INCLUDE_SOURCE;
				MTL_FAST_MATH = YES;
				ONLY_ACTIVE_ARCH = YES;
				SWIFT_ACTIVE_COMPILATION_CONDITIONS = "DEBUG $(inherited)";
				SWIFT_OPTIMIZATION_LEVEL = "-Onone";
			};
			name = Debug;
		};
		66AE5FA62F01E27400D79FD7 /* Release */ = {
			isa = XCBuildConfiguration;
			buildSettings = {
				ALWAYS_SEARCH_USER_PATHS = NO;
				ASSETCATALOG_COMPILER_GENERATE_SWIFT_ASSET_SYMBOL_EXTENSIONS = YES;
				CLANG_ANALYZER_NONNULL = YES;
				CLANG_ANALYZER_NUMBER_OBJECT_CONVERSION = YES_AGGRESSIVE;
				CLANG_CXX_LANGUAGE_STANDARD = "gnu++20";
				CLANG_ENABLE_MODULES = YES;
				CLANG_ENABLE_OBJC_ARC = YES;
				CLANG_ENABLE_OBJC_WEAK = YES;
				CLANG_WARN_BLOCK_CAPTURE_AUTORELEASING = YES;
				CLANG_WARN_BOOL_CONVERSION = YES;
				CLANG_WARN_COMMA = YES;
				CLANG_WARN_CONSTANT_CONVERSION = YES;
				CLANG_WARN_DEPRECATED_OBJC_IMPLEMENTATIONS = YES;
				CLANG_WARN_DIRECT_OBJC_ISA_USAGE = YES_ERROR;
				CLANG_WARN_DOCUMENTATION_COMMENTS = YES;
				CLANG_WARN_EMPTY_BODY = YES;
				CLANG_WARN_ENUM_CONVERSION = YES;
				CLANG_WARN_INFINITE_RECURSION = YES;
				CLANG_WARN_INT_CONVERSION = YES;
				CLANG_WARN_NON_LITERAL_NULL_CONVERSION = YES;
				CLANG_WARN_OBJC_IMPLICIT_RETAIN_SELF = YES;
				CLANG_WARN_OBJC_LITERAL_CONVERSION = YES;
				CLANG_WARN_OBJC_ROOT_CLASS = YES_ERROR;
				CLANG_WARN_QUOTED_INCLUDE_IN_FRAMEWORK_HEADER = YES;
				CLANG_WARN_RANGE_LOOP_ANALYSIS = YES;
				CLANG_WARN_STRICT_PROTOTYPES = YES;
				CLANG_WARN_SUSPICIOUS_MOVE = YES;
				CLANG_WARN_UNGUARDED_AVAILABILITY = YES_AGGRESSIVE;
				CLANG_WARN_UNREACHABLE_CODE = YES;
				CLANG_WARN__DUPLICATE_METHOD_MATCH = YES;
				COPY_PHASE_STRIP = NO;
				DEBUG_INFORMATION_FORMAT = "dwarf-with-dsym";
				DEVELOPMENT_TEAM = 3UU87M9ZBQ;
				ENABLE_NS_ASSERTIONS = NO;
				ENABLE_STRICT_OBJC_MSGSEND = YES;
				ENABLE_USER_SCRIPT_SANDBOXING = YES;
				GCC_C_LANGUAGE_STANDARD = gnu17;
				GCC_NO_COMMON_BLOCKS = YES;
				GCC_WARN_64_TO_32_BIT_CONVERSION = YES;
				GCC_WARN_ABOUT_RETURN_TYPE = YES_ERROR;
				GCC_WARN_UNDECLARED_SELECTOR = YES;
				GCC_WARN_UNINITIALIZED_AUTOS = YES_AGGRESSIVE;
				GCC_WARN_UNUSED_FUNCTION = YES;
				GCC_WARN_UNUSED_VARIABLE = YES;
				LOCALIZATION_PREFERS_STRING_CATALOGS = YES;
				MTL_ENABLE_DEBUG_INFO = NO;
				MTL_FAST_MATH = YES;
				SWIFT_COMPILATION_MODE = wholemodule;
			};
			name = Release;
		};
		66AE5FA82F01E27400D79FD7 /* Debug */ = {
			isa = XCBuildConfiguration;
			buildSettings = {
				ASSETCATALOG_COMPILER_APPICON_NAME = AppIcon;
				ASSETCATALOG_COMPILER_GLOBAL_ACCENT_COLOR_NAME = AccentColor;
				CODE_SIGN_STYLE = Automatic;
				CURRENT_PROJECT_VERSION = 1;
				DEVELOPMENT_TEAM = 3UU87M9ZBQ;
				ENABLE_APP_SANDBOX = YES;
				ENABLE_HARDENED_RUNTIME = YES;
				ENABLE_PREVIEWS = YES;
				ENABLE_USER_SELECTED_FILES = readonly;
				GENERATE_INFOPLIST_FILE = YES;
				INFOPLIST_FILE = TodayLastYear/Info.plist;
				INFOPLIST_KEY_NSCalendarsFullAccessUsageDescription = "This app allows you to see what you did one year ago today.";
				INFOPLIST_KEY_NSCalendarsUsageDescription = "This app shows you what you did on this day one year ago.";
				"INFOPLIST_KEY_UIApplicationSceneManifest_Generation[sdk=iphoneos*]" = YES;
				"INFOPLIST_KEY_UIApplicationSceneManifest_Generation[sdk=iphonesimulator*]" = YES;
				"INFOPLIST_KEY_UIApplicationSupportsIndirectInputEvents[sdk=iphoneos*]" = YES;
				"INFOPLIST_KEY_UIApplicationSupportsIndirectInputEvents[sdk=iphonesimulator*]" = YES;
				"INFOPLIST_KEY_UILaunchScreen_Generation[sdk=iphoneos*]" = YES;
				"INFOPLIST_KEY_UILaunchScreen_Generation[sdk=iphonesimulator*]" = YES;
				"INFOPLIST_KEY_UIStatusBarStyle[sdk=iphoneos*]" = UIStatusBarStyleDefault;
				"INFOPLIST_KEY_UIStatusBarStyle[sdk=iphonesimulator*]" = UIStatusBarStyleDefault;
				INFOPLIST_KEY_UISupportedInterfaceOrientations_iPad = "UIInterfaceOrientationPortrait UIInterfaceOrientationPortraitUpsideDown UIInterfaceOrientationLandscapeLeft UIInterfaceOrientationLandscapeRight";
				INFOPLIST_KEY_UISupportedInterfaceOrientations_iPhone = "UIInterfaceOrientationPortrait UIInterfaceOrientationLandscapeLeft UIInterfaceOrientationLandscapeRight";
				IPHONEOS_DEPLOYMENT_TARGET = 26.2;
				LD_RUNPATH_SEARCH_PATHS = "@executable_path/Frameworks";
				"LD_RUNPATH_SEARCH_PATHS[sdk=macosx*]" = "@executable_path/../Frameworks";
				MACOSX_DEPLOYMENT_TARGET = 26.2;
				MARKETING_VERSION = 1.0;
				PRODUCT_BUNDLE_IDENTIFIER = com.fogiato.TodayLastYear;
				PRODUCT_NAME = "$(TARGET_NAME)";
				REGISTER_APP_GROUPS = YES;
				SDKROOT = auto;
				STRING_CATALOG_GENERATE_SYMBOLS = YES;
				SUPPORTED_PLATFORMS = "iphoneos iphonesimulator macosx xros xrsimulator";
				SWIFT_APPROACHABLE_CONCURRENCY = YES;
				SWIFT_DEFAULT_ACTOR_ISOLATION = MainActor;
				SWIFT_EMIT_LOC_STRINGS = YES;
				SWIFT_UPCOMING_FEATURE_MEMBER_IMPORT_VISIBILITY = YES;
				SWIFT_VERSION = 5.0;
				TARGETED_DEVICE_FAMILY = "1,2,7";
				XROS_DEPLOYMENT_TARGET = 26.2;
			};
			name = Debug;
		};
		66AE5FA92F01E27400D79FD7 /* Release */ = {
			isa = XCBuildConfiguration;
			buildSettings = {
				ASSETCATALOG_COMPILER_APPICON_NAME = AppIcon;
				ASSETCATALOG_COMPILER_GLOBAL_ACCENT_COLOR_NAME = AccentColor;
				CODE_SIGN_STYLE = Automatic;
				CURRENT_PROJECT_VERSION = 1;
				DEVELOPMENT_TEAM = 3UU87M9ZBQ;
				ENABLE_APP_SANDBOX = YES;
				ENABLE_HARDENED_RUNTIME = YES;
				ENABLE_PREVIEWS = YES;
				ENABLE_USER_SELECTED_FILES = readonly;
				GENERATE_INFOPLIST_FILE = YES;
				INFOPLIST_FILE = TodayLastYear/Info.plist;
				INFOPLIST_KEY_NSCalendarsFullAccessUsageDescription = "This app allows you to see what you did one year ago today.";
				INFOPLIST_KEY_NSCalendarsUsageDescription = "This app shows you what you did on this day one year ago.";
				"INFOPLIST_KEY_UIApplicationSceneManifest_Generation[sdk=iphoneos*]" = YES;
				"INFOPLIST_KEY_UIApplicationSceneManifest_Generation[sdk=iphonesimulator*]" = YES;
				"INFOPLIST_KEY_UIApplicationSupportsIndirectInputEvents[sdk=iphoneos*]" = YES;
				"INFOPLIST_KEY_UIApplicationSupportsIndirectInputEvents[sdk=iphonesimulator*]" = YES;
				"INFOPLIST_KEY_UILaunchScreen_Generation[sdk=iphoneos*]" = YES;
				"INFOPLIST_KEY_UILaunchScreen_Generation[sdk=iphonesimulator*]" = YES;
				"INFOPLIST_KEY_UIStatusBarStyle[sdk=iphoneos*]" = UIStatusBarStyleDefault;
				"INFOPLIST_KEY_UIStatusBarStyle[sdk=iphonesimulator*]" = UIStatusBarStyleDefault;
				INFOPLIST_KEY_UISupportedInterfaceOrientations_iPad = "UIInterfaceOrientationPortrait UIInterfaceOrientationPortraitUpsideDown UIInterfaceOrientationLandscapeLeft UIInterfaceOrientationLandscapeRight";
				INFOPLIST_KEY_UISupportedInterfaceOrientations_iPhone = "UIInterfaceOrientationPortrait UIInterfaceOrientationLandscapeLeft UIInterfaceOrientationLandscapeRight";
				IPHONEOS_DEPLOYMENT_TARGET = 26.2;
				LD_RUNPATH_SEARCH_PATHS = "@executable_path/Frameworks";
				"LD_RUNPATH_SEARCH_PATHS[sdk=macosx*]" = "@executable_path/../Frameworks";
				MACOSX_DEPLOYMENT_TARGET = 26.2;
				MARKETING_VERSION = 1.0;
				PRODUCT_BUNDLE_IDENTIFIER = com.fogiato.TodayLastYear;
				PRODUCT_NAME = "$(TARGET_NAME)";
				REGISTER_APP_GROUPS = YES;
				SDKROOT = auto;
				STRING_CATALOG_GENERATE_SYMBOLS = YES;
				SUPPORTED_PLATFORMS = "iphoneos iphonesimulator macosx xros xrsimulator";
				SWIFT_APPROACHABLE_CONCURRENCY = YES;
				SWIFT_DEFAULT_ACTOR_ISOLATION = MainActor;
				SWIFT_EMIT_LOC_STRINGS = YES;
				SWIFT_UPCOMING_FEATURE_MEMBER_IMPORT_VISIBILITY = YES;
				SWIFT_VERSION = 5.0;
				TARGETED_DEVICE_FAMILY = "1,2,7";
				XROS_DEPLOYMENT_TARGET = 26.2;
			};
			name = Release;
		};
		66AE5FAB2F01E27400D79FD7 /* Debug */ = {
			isa = XCBuildConfiguration;
			buildSettings = {
				BUNDLE_LOADER = "$(TEST_HOST)";
				CODE_SIGN_STYLE = Automatic;
				CURRENT_PROJECT_VERSION = 1;
				DEVELOPMENT_TEAM = 3UU87M9ZBQ;
				GENERATE_INFOPLIST_FILE = YES;
				IPHONEOS_DEPLOYMENT_TARGET = 26.2;
				MACOSX_DEPLOYMENT_TARGET = 26.2;
				MARKETING_VERSION = 1.0;
				PRODUCT_BUNDLE_IDENTIFIER = com.fogiato.TodayLastYearTests;
				PRODUCT_NAME = "$(TARGET_NAME)";
				SDKROOT = auto;
				STRING_CATALOG_GENERATE_SYMBOLS = NO;
				SUPPORTED_PLATFORMS = "iphoneos iphonesimulator macosx xros xrsimulator";
				SWIFT_APPROACHABLE_CONCURRENCY = YES;
				SWIFT_EMIT_LOC_STRINGS = NO;
				SWIFT_UPCOMING_FEATURE_MEMBER_IMPORT_VISIBILITY = YES;
				SWIFT_VERSION = 5.0;
				TARGETED_DEVICE_FAMILY = "1,2,7";
				TEST_HOST = "$(BUILT_PRODUCTS_DIR)/TodayLastYear.app/$(BUNDLE_EXECUTABLE_FOLDER_PATH)/TodayLastYear";
				XROS_DEPLOYMENT_TARGET = 26.2;
			};
			name = Debug;
		};
		66AE5FAC2F01E27400D79FD7 /* Release */ = {
			isa = XCBuildConfiguration;
			buildSettings = {
				BUNDLE_LOADER = "$(TEST_HOST)";
				CODE_SIGN_STYLE = Automatic;
				CURRENT_PROJECT_VERSION = 1;
				DEVELOPMENT_TEAM = 3UU87M9ZBQ;
				GENERATE_INFOPLIST_FILE = YES;
				IPHONEOS_DEPLOYMENT_TARGET = 26.2;
				MACOSX_DEPLOYMENT_TARGET = 26.2;
				MARKETING_VERSION = 1.0;
				PRODUCT_BUNDLE_IDENTIFIER = com.fogiato.TodayLastYearTests;
				PRODUCT_NAME = "$(TARGET_NAME)";
				SDKROOT = auto;
				STRING_CATALOG_GENERATE_SYMBOLS = NO;
				SUPPORTED_PLATFORMS = "iphoneos iphonesimulator macosx xros xrsimulator";
				SWIFT_APPROACHABLE_CONCURRENCY = YES;
				SWIFT_EMIT_LOC_STRINGS = NO;
				SWIFT_UPCOMING_FEATURE_MEMBER_IMPORT_VISIBILITY = YES;
				SWIFT_VERSION = 5.0;
				TARGETED_DEVICE_FAMILY = "1,2,7";
				TEST_HOST = "$(BUILT_PRODUCTS_DIR)/TodayLastYear.app/$(BUNDLE_EXECUTABLE_FOLDER_PATH)/TodayLastYear";
				XROS_DEPLOYMENT_TARGET = 26.2;
			};
			name = Release;
		};
		66AE5FAE2F01E27400D79FD7 /* Debug */ = {
			isa = XCBuildConfiguration;
			buildSettings = {
				CODE_SIGN_STYLE = Automatic;
				CURRENT_PROJECT_VERSION = 1;
				DEVELOPMENT_TEAM = 3UU87M9ZBQ;
				GENERATE_INFOPLIST_FILE = YES;
				IPHONEOS_DEPLOYMENT_TARGET = 26.2;
				MACOSX_DEPLOYMENT_TARGET = 26.2;
				MARKETING_VERSION = 1.0;
				PRODUCT_BUNDLE_IDENTIFIER = com.fogiato.TodayLastYearUITests;
				PRODUCT_NAME = "$(TARGET_NAME)";
				SDKROOT = auto;
				STRING_CATALOG_GENERATE_SYMBOLS = NO;
				SUPPORTED_PLATFORMS = "iphoneos iphonesimulator macosx xros xrsimulator";
				SWIFT_APPROACHABLE_CONCURRENCY = YES;
				SWIFT_EMIT_LOC_STRINGS = NO;
				SWIFT_UPCOMING_FEATURE_MEMBER_IMPORT_VISIBILITY = YES;
				SWIFT_VERSION = 5.0;
				TARGETED_DEVICE_FAMILY = "1,2,7";
				TEST_TARGET_NAME = TodayLastYear;
				XROS_DEPLOYMENT_TARGET = 26.2;
			};
			name = Debug;
		};
		66AE5FAF2F01E27400D79FD7 /* Release */ = {
			isa = XCBuildConfiguration;
			buildSettings = {
				CODE_SIGN_STYLE = Automatic;
				CURRENT_PROJECT_VERSION = 1;
				DEVELOPMENT_TEAM = 3UU87M9ZBQ;
				GENERATE_INFOPLIST_FILE = YES;
				IPHONEOS_DEPLOYMENT_TARGET = 26.2;
				MACOSX_DEPLOYMENT_TARGET = 26.2;
				MARKETING_VERSION = 1.0;
				PRODUCT_BUNDLE_IDENTIFIER = com.fogiato.TodayLastYearUITests;
				PRODUCT_NAME = "$(TARGET_NAME)";
				SDKROOT = auto;
				STRING_CATALOG_GENERATE_SYMBOLS = NO;
				SUPPORTED_PLATFORMS = "iphoneos iphonesimulator macosx xros xrsimulator";
				SWIFT_APPROACHABLE_CONCURRENCY = YES;
				SWIFT_EMIT_LOC_STRINGS = NO;
				SWIFT_UPCOMING_FEATURE_MEMBER_IMPORT_VISIBILITY = YES;
				SWIFT_VERSION = 5.0;
				TARGETED_DEVICE_FAMILY = "1,2,7";
				TEST_TARGET_NAME = TodayLastYear;
				XROS_DEPLOYMENT_TARGET = 26.2;
			};
			name = Release;
		};
/* End XCBuildConfiguration section */

/* Begin XCConfigurationList section */
		6647DCC92F0571D5009FCAE6 /* Build configuration list for PBXNativeTarget "TLYWidgetExtension" */ = {
			isa = XCConfigurationList;
			buildConfigurations = (
				6647DCCA2F0571D5009FCAE6 /* Debug */,
				6647DCCB2F0571D5009FCAE6 /* Release */,
			);
			defaultConfigurationIsVisible = 0;
			defaultConfigurationName = Release;
		};
		66AE5F812F01E27200D79FD7 /* Build configuration list for PBXProject "TodayLastYear" */ = {
			isa = XCConfigurationList;
			buildConfigurations = (
				66AE5FA52F01E27400D79FD7 /* Debug */,
				66AE5FA62F01E27400D79FD7 /* Release */,
			);
			defaultConfigurationIsVisible = 0;
			defaultConfigurationName = Release;
		};
		66AE5FA72F01E27400D79FD7 /* Build configuration list for PBXNativeTarget "TodayLastYear" */ = {
			isa = XCConfigurationList;
			buildConfigurations = (
				66AE5FA82F01E27400D79FD7 /* Debug */,
				66AE5FA92F01E27400D79FD7 /* Release */,
			);
			defaultConfigurationIsVisible = 0;
			defaultConfigurationName = Release;
		};
		66AE5FAA2F01E27400D79FD7 /* Build configuration list for PBXNativeTarget "TodayLastYearTests" */ = {
			isa = XCConfigurationList;
			buildConfigurations = (
				66AE5FAB2F01E27400D79FD7 /* Debug */,
				66AE5FAC2F01E27400D79FD7 /* Release */,
			);
			defaultConfigurationIsVisible = 0;
			defaultConfigurationName = Release;
		};
		66AE5FAD2F01E27400D79FD7 /* Build configuration list for PBXNativeTarget "TodayLastYearUITests" */ = {
			isa = XCConfigurationList;
			buildConfigurations = (
				66AE5FAE2F01E27400D79FD7 /* Debug */,
				66AE5FAF2F01E27400D79FD7 /* Release */,
			);
			defaultConfigurationIsVisible = 0;
			defaultConfigurationName = Release;
		};
/* End XCConfigurationList section */
	};
	rootObject = 66AE5F7E2F01E27200D79FD7 /* Project object */;
}
